{
  "name": "conformitea",
  "lockfileVersion": 3,
  "requires": true,
  "packages": {
    "": {
      "dependencies": {
        "@fontsource/raleway": "^5.2.5"
      }
    },
    "node_modules/@fontsource/raleway": {
      "version": "5.2.5",
      "resolved": "https://registry.npmjs.org/@fontsource/raleway/-/raleway-5.2.5.tgz",
      "integrity": "sha512-gVFV8Yi8Y5h8sQw0U/F6TQID53DVIWPuRxqBLOBxwLbQma42JAwqTZ+pi3eDjpm20/rjS2XoVJH5hnMx1KFB+g==",
      "license": "OFL-1.1",
      "funding": {
        "url": "https://github.com/sponsors/ayuhito"
      }
    }
  }
}
